
Microsoft Visual Studio Solution File, Format Version 12.00
# Visual Studio Version 16
VisualStudioVersion = 16.0.30517.126
MinimumVisualStudioVersion = 10.0.40219.1
Project("{2150E333-8FDC-42A3-9474-1A3956D46DE8}") = "src", "src", "{BC7CC3DD-D397-484C-80AD-D220DA2A26AA}"
EndProject
Project("{2150E333-8FDC-42A3-9474-1A3956D46DE8}") = "test", "test", "{CEC15DEC-A102-40C2-BC0B-35A15B7DF6F1}"
EndProject
Project("{9A19103F-16F7-4668-BE54-9A1E7A4F7556}") = "Nito.ConnectedProperties", "src\Nito.ConnectedProperties\Nito.ConnectedProperties.csproj", "{3F0E4259-F805-4795-B346-77D0562CF2EE}"
EndProject
Project("{9A19103F-16F7-4668-BE54-9A1E7A4F7556}") = "UnitTests", "test\UnitTests\UnitTests.csproj", "{7616540B-CB7D-49E1-8174-F130BC1879A1}"
EndProject
Global
	GlobalSection(SolutionConfigurationPlatforms) = preSolution
		Debug|Any CPU = Debug|Any CPU
		Release|Any CPU = Release|Any CPU
	EndGlobalSection
	GlobalSection(ProjectConfigurationPlatforms) = postSolution
		{3F0E4259-F805-4795-B346-77D0562CF2EE}.Debug|Any CPU.ActiveCfg = Debug|Any CPU
		{3F0E4259-F805-4795-B346-77D0562CF2EE}.Debug|Any CPU.Build.0 = Debug|Any CPU
		{3F0E4259-F805-4795-B346-77D0562CF2EE}.Release|Any CPU.ActiveCfg = Release|Any CPU
		{3F0E4259-F805-4795-B346-77D0562CF2EE}.Release|Any CPU.Build.0 = Release|Any CPU
		{7616540B-CB7D-49E1-8174-F130BC1879A1}.Debug|Any CPU.ActiveCfg = Debug|Any CPU
		{7616540B-CB7D-49E1-8174-F130BC1879A1}.Debug|Any CPU.Build.0 = Debug|Any CPU
		{7616540B-CB7D-49E1-8174-F130BC1879A1}.Release|Any CPU.ActiveCfg = Release|Any CPU
		{7616540B-CB7D-49E1-8174-F130BC1879A1}.Release|Any CPU.Build.0 = Release|Any CPU
	EndGlobalSection
	GlobalSection(SolutionProperties) = preSolution
		HideSolutionNode = FALSE
	EndGlobalSection
	GlobalSection(NestedProjects) = preSolution
		{3F0E4259-F805-4795-B346-77D0562CF2EE} = {BC7CC3DD-D397-484C-80AD-D220DA2A26AA}
		{7616540B-CB7D-49E1-8174-F130BC1879A1} = {CEC15DEC-A102-40C2-BC0B-35A15B7DF6F1}
	EndGlobalSection
	GlobalSection(ExtensibilityGlobals) = postSolution
		SolutionGuid = {5BC85F3E-1F86-4140-BB78-B3737343F130}
	EndGlobalSection
EndGlobal
